// !$*UTF8*$!
{
	archiveVersion = 1;
	classes = {
	};
	objectVersion = 45;
	objects = {

/* Begin PBXBuildFile section */
		1D3623260D0F684500981E51 /* AppDelegate.m in Sources */ = {isa = PBXBuildFile; fileRef = 1D3623250D0F684500981E51 /* AppDelegate.m */; };
		1D60589B0D05DD56006BFB54 /* main.m in Sources */ = {isa = PBXBuildFile; fileRef = 29B97316FDCFA39411CA2CEA /* main.m */; };
		1D60589F0D05DD5A006BFB54 /* Foundation.framework in Frameworks */ = {isa = PBXBuildFile; fileRef = 1D30AB110D05D00D00671497 /* Foundation.framework */; };
		1DF5F4E00D08C38300B7A737 /* UIKit.framework in Frameworks */ = {isa = PBXBuildFile; fileRef = 1DF5F4DF0D08C38300B7A737 /* UIKit.framework */; };
		288765A50DF7441C002DB57D /* CoreGraphics.framework in Frameworks */ = {isa = PBXBuildFile; fileRef = 288765A40DF7441C002DB57D /* CoreGraphics.framework */; };
		2899E5220DE3E06400AC0155 /* PostViewController.xib in Resources */ = {isa = PBXBuildFile; fileRef = 2899E5210DE3E06400AC0155 /* PostViewController.xib */; };
		28AD733F0D9D9553002E5188 /* MainWindow.xib in Resources */ = {isa = PBXBuildFile; fileRef = 28AD733E0D9D9553002E5188 /* MainWindow.xib */; };
		28D7ACF80DDB3853001CB0EB /* MEPostViewController.m in Sources */ = {isa = PBXBuildFile; fileRef = 28D7ACF70DDB3853001CB0EB /* MEPostViewController.m */; };
		2E2EB1300F96F35F005C54E5 /* EXFGPS.m in Sources */ = {isa = PBXBuildFile; fileRef = 2E2EB1210F96F35F005C54E5 /* EXFGPS.m */; };
		2E2EB1310F96F35F005C54E5 /* EXFHandlers.m in Sources */ = {isa = PBXBuildFile; fileRef = 2E2EB1230F96F35F005C54E5 /* EXFHandlers.m */; };
		2E2EB1320F96F35F005C54E5 /* EXFJFIF.m in Sources */ = {isa = PBXBuildFile; fileRef = 2E2EB1250F96F35F005C54E5 /* EXFJFIF.m */; };
		2E2EB1330F96F35F005C54E5 /* EXFJpeg.m in Sources */ = {isa = PBXBuildFile; fileRef = 2E2EB1270F96F35F005C54E5 /* EXFJpeg.m */; };
		2E2EB1340F96F35F005C54E5 /* EXFMetaData.m in Sources */ = {isa = PBXBuildFile; fileRef = 2E2EB12A0F96F35F005C54E5 /* EXFMetaData.m */; };
		2E2EB1350F96F35F005C54E5 /* EXFTagDefinitionHolder.m in Sources */ = {isa = PBXBuildFile; fileRef = 2E2EB12D0F96F35F005C54E5 /* EXFTagDefinitionHolder.m */; };
		2E2EB1360F96F35F005C54E5 /* EXFUtils.m in Sources */ = {isa = PBXBuildFile; fileRef = 2E2EB12F0F96F35F005C54E5 /* EXFUtils.m */; };
		2E6D55820F95BAF400AA1DF6 /* yametoo_icon.png in Resources */ = {isa = PBXBuildFile; fileRef = 2E6D55810F95BAF400AA1DF6 /* yametoo_icon.png */; };
		2ED163E60F9589D3009557F1 /* MEClient.m in Sources */ = {isa = PBXBuildFile; fileRef = 2ED163E50F9589D3009557F1 /* MEClient.m */; };
		2ED164440F959B2A009557F1 /* NSString+MEAdditions.m in Sources */ = {isa = PBXBuildFile; fileRef = 2ED164430F959B2A009557F1 /* NSString+MEAdditions.m */; };
		2ED1646A0F959F46009557F1 /* MEClient+Requests.m in Sources */ = {isa = PBXBuildFile; fileRef = 2ED164690F959F46009557F1 /* MEClient+Requests.m */; };
		2EE00DA40F970B1500135D42 /* MEMyMetooViewController.m in Sources */ = {isa = PBXBuildFile; fileRef = 2EE00DA30F970B1500135D42 /* MEMyMetooViewController.m */; };
		2EE00DA60F970B4700135D42 /* MyMetooViewController.xib in Resources */ = {isa = PBXBuildFile; fileRef = 2EE00DA50F970B4700135D42 /* MyMetooViewController.xib */; };
		2EE00DEA0F970ECF00135D42 /* MEFriendsViewController.m in Sources */ = {isa = PBXBuildFile; fileRef = 2EE00DE90F970ECF00135D42 /* MEFriendsViewController.m */; };
		2EE00DEC0F970EE600135D42 /* FriendsViewController.xib in Resources */ = {isa = PBXBuildFile; fileRef = 2EE00DEB0F970EE600135D42 /* FriendsViewController.xib */; };
		2EE00DFE0F9710CF00135D42 /* METagsViewController.m in Sources */ = {isa = PBXBuildFile; fileRef = 2EE00DFD0F9710CF00135D42 /* METagsViewController.m */; };
		2EE00E000F97134A00135D42 /* TagsViewController.xib in Resources */ = {isa = PBXBuildFile; fileRef = 2EE00DFF0F97134A00135D42 /* TagsViewController.xib */; };
		2EEDB9560F95AD6F00F52D66 /* NSMutableURLRequest+MEAdditions.m in Sources */ = {isa = PBXBuildFile; fileRef = 2EEDB9550F95AD6F00F52D66 /* NSMutableURLRequest+MEAdditions.m */; };
		CF5EE6B40F95DE8D004712FF /* NSNull+NilObject.m in Sources */ = {isa = PBXBuildFile; fileRef = CF5EE6B30F95DE8D004712FF /* NSNull+NilObject.m */; };
		CF5EE75D0F97162F004712FF /* MESettingsViewController.m in Sources */ = {isa = PBXBuildFile; fileRef = CF5EE75C0F97162F004712FF /* MESettingsViewController.m */; };
		CF5EE7610F97164A004712FF /* MELoginViewController.m in Sources */ = {isa = PBXBuildFile; fileRef = CF5EE7600F97164A004712FF /* MELoginViewController.m */; };
		CF9045A30F959EE4001AE52C /* NSObject+SBJSON.m in Sources */ = {isa = PBXBuildFile; fileRef = CF90459E0F959EE4001AE52C /* NSObject+SBJSON.m */; };
		CF9045A40F959EE4001AE52C /* NSString+SBJSON.m in Sources */ = {isa = PBXBuildFile; fileRef = CF9045A00F959EE4001AE52C /* NSString+SBJSON.m */; };
		CF9045A50F959EE4001AE52C /* SBJSON.m in Sources */ = {isa = PBXBuildFile; fileRef = CF9045A20F959EE4001AE52C /* SBJSON.m */; };
		CF9045C90F95A85D001AE52C /* MEClientOperation.m in Sources */ = {isa = PBXBuildFile; fileRef = CF9045C80F95A85D001AE52C /* MEClientOperation.m */; };
		CF9046430F95C4A4001AE52C /* NSURL+MEAdditions.m in Sources */ = {isa = PBXBuildFile; fileRef = CF9046420F95C4A4001AE52C /* NSURL+MEAdditions.m */; };
/* End PBXBuildFile section */

/* Begin PBXFileReference section */
		1D30AB110D05D00D00671497 /* Foundation.framework */ = {isa = PBXFileReference; lastKnownFileType = wrapper.framework; name = Foundation.framework; path = System/Library/Frameworks/Foundation.framework; sourceTree = SDKROOT; };
		1D3623240D0F684500981E51 /* AppDelegate.h */ = {isa = PBXFileReference; fileEncoding = 4; lastKnownFileType = sourcecode.c.h; path = AppDelegate.h; sourceTree = "<group>"; };
		1D3623250D0F684500981E51 /* AppDelegate.m */ = {isa = PBXFileReference; fileEncoding = 4; lastKnownFileType = sourcecode.c.objc; path = AppDelegate.m; sourceTree = "<group>"; };
		1D6058910D05DD3D006BFB54 /* yametoo.app */ = {isa = PBXFileReference; explicitFileType = wrapper.application; includeInIndex = 0; path = yametoo.app; sourceTree = BUILT_PRODUCTS_DIR; };
		1DF5F4DF0D08C38300B7A737 /* UIKit.framework */ = {isa = PBXFileReference; lastKnownFileType = wrapper.framework; name = UIKit.framework; path = System/Library/Frameworks/UIKit.framework; sourceTree = SDKROOT; };
		288765A40DF7441C002DB57D /* CoreGraphics.framework */ = {isa = PBXFileReference; lastKnownFileType = wrapper.framework; name = CoreGraphics.framework; path = System/Library/Frameworks/CoreGraphics.framework; sourceTree = SDKROOT; };
		2899E5210DE3E06400AC0155 /* PostViewController.xib */ = {isa = PBXFileReference; lastKnownFileType = file.xib; path = PostViewController.xib; sourceTree = "<group>"; };
		28AD733E0D9D9553002E5188 /* MainWindow.xib */ = {isa = PBXFileReference; lastKnownFileType = file.xib; path = MainWindow.xib; sourceTree = "<group>"; };
		28D7ACF60DDB3853001CB0EB /* MEPostViewController.h */ = {isa = PBXFileReference; fileEncoding = 4; lastKnownFileType = sourcecode.c.h; path = MEPostViewController.h; sourceTree = "<group>"; };
		28D7ACF70DDB3853001CB0EB /* MEPostViewController.m */ = {isa = PBXFileReference; fileEncoding = 4; lastKnownFileType = sourcecode.c.objc; path = MEPostViewController.m; sourceTree = "<group>"; };
		29B97316FDCFA39411CA2CEA /* main.m */ = {isa = PBXFileReference; fileEncoding = 4; lastKnownFileType = sourcecode.c.objc; path = main.m; sourceTree = "<group>"; };
		2E2EB11E0F96F35F005C54E5 /* EXF.h */ = {isa = PBXFileReference; fileEncoding = 4; lastKnownFileType = sourcecode.c.h; path = EXF.h; sourceTree = "<group>"; };
		2E2EB11F0F96F35F005C54E5 /* EXFConstants.h */ = {isa = PBXFileReference; fileEncoding = 4; lastKnownFileType = sourcecode.c.h; path = EXFConstants.h; sourceTree = "<group>"; };
		2E2EB1200F96F35F005C54E5 /* EXFGPS.h */ = {isa = PBXFileReference; fileEncoding = 4; lastKnownFileType = sourcecode.c.h; path = EXFGPS.h; sourceTree = "<group>"; };
		2E2EB1210F96F35F005C54E5 /* EXFGPS.m */ = {isa = PBXFileReference; fileEncoding = 4; lastKnownFileType = sourcecode.c.objc; path = EXFGPS.m; sourceTree = "<group>"; };
		2E2EB1220F96F35F005C54E5 /* EXFHandlers.h */ = {isa = PBXFileReference; fileEncoding = 4; lastKnownFileType = sourcecode.c.h; path = EXFHandlers.h; sourceTree = "<group>"; };
		2E2EB1230F96F35F005C54E5 /* EXFHandlers.m */ = {isa = PBXFileReference; fileEncoding = 4; lastKnownFileType = sourcecode.c.objc; path = EXFHandlers.m; sourceTree = "<group>"; };
		2E2EB1240F96F35F005C54E5 /* EXFJFIF.h */ = {isa = PBXFileReference; fileEncoding = 4; lastKnownFileType = sourcecode.c.h; path = EXFJFIF.h; sourceTree = "<group>"; };
		2E2EB1250F96F35F005C54E5 /* EXFJFIF.m */ = {isa = PBXFileReference; fileEncoding = 4; lastKnownFileType = sourcecode.c.objc; path = EXFJFIF.m; sourceTree = "<group>"; };
		2E2EB1260F96F35F005C54E5 /* EXFJpeg.h */ = {isa = PBXFileReference; fileEncoding = 4; lastKnownFileType = sourcecode.c.h; path = EXFJpeg.h; sourceTree = "<group>"; };
		2E2EB1270F96F35F005C54E5 /* EXFJpeg.m */ = {isa = PBXFileReference; fileEncoding = 4; lastKnownFileType = sourcecode.c.objc; path = EXFJpeg.m; sourceTree = "<group>"; };
		2E2EB1280F96F35F005C54E5 /* EXFLogging.h */ = {isa = PBXFileReference; fileEncoding = 4; lastKnownFileType = sourcecode.c.h; path = EXFLogging.h; sourceTree = "<group>"; };
		2E2EB1290F96F35F005C54E5 /* EXFMetaData.h */ = {isa = PBXFileReference; fileEncoding = 4; lastKnownFileType = sourcecode.c.h; path = EXFMetaData.h; sourceTree = "<group>"; };
		2E2EB12A0F96F35F005C54E5 /* EXFMetaData.m */ = {isa = PBXFileReference; fileEncoding = 4; lastKnownFileType = sourcecode.c.objc; path = EXFMetaData.m; sourceTree = "<group>"; };
		2E2EB12B0F96F35F005C54E5 /* EXFMutableMetaData.h */ = {isa = PBXFileReference; fileEncoding = 4; lastKnownFileType = sourcecode.c.h; path = EXFMutableMetaData.h; sourceTree = "<group>"; };
		2E2EB12C0F96F35F005C54E5 /* EXFTagDefinitionHolder.h */ = {isa = PBXFileReference; fileEncoding = 4; lastKnownFileType = sourcecode.c.h; path = EXFTagDefinitionHolder.h; sourceTree = "<group>"; };
		2E2EB12D0F96F35F005C54E5 /* EXFTagDefinitionHolder.m */ = {isa = PBXFileReference; fileEncoding = 4; lastKnownFileType = sourcecode.c.objc; path = EXFTagDefinitionHolder.m; sourceTree = "<group>"; };
		2E2EB12E0F96F35F005C54E5 /* EXFUtils.h */ = {isa = PBXFileReference; fileEncoding = 4; lastKnownFileType = sourcecode.c.h; path = EXFUtils.h; sourceTree = "<group>"; };
		2E2EB12F0F96F35F005C54E5 /* EXFUtils.m */ = {isa = PBXFileReference; fileEncoding = 4; lastKnownFileType = sourcecode.c.objc; path = EXFUtils.m; sourceTree = "<group>"; };
		2E6D55810F95BAF400AA1DF6 /* yametoo_icon.png */ = {isa = PBXFileReference; lastKnownFileType = image.png; name = yametoo_icon.png; path = Images/yametoo_icon.png; sourceTree = "<group>"; };
		2ED163E40F9589D3009557F1 /* MEClient.h */ = {isa = PBXFileReference; fileEncoding = 4; lastKnownFileType = sourcecode.c.h; path = MEClient.h; sourceTree = "<group>"; };
		2ED163E50F9589D3009557F1 /* MEClient.m */ = {isa = PBXFileReference; fileEncoding = 4; lastKnownFileType = sourcecode.c.objc; path = MEClient.m; sourceTree = "<group>"; };
		2ED164420F959B2A009557F1 /* NSString+MEAdditions.h */ = {isa = PBXFileReference; fileEncoding = 4; lastKnownFileType = sourcecode.c.h; path = "NSString+MEAdditions.h"; sourceTree = "<group>"; };
		2ED164430F959B2A009557F1 /* NSString+MEAdditions.m */ = {isa = PBXFileReference; fileEncoding = 4; lastKnownFileType = sourcecode.c.objc; path = "NSString+MEAdditions.m"; sourceTree = "<group>"; };
		2ED164680F959F46009557F1 /* MEClient+Requests.h */ = {isa = PBXFileReference; fileEncoding = 4; lastKnownFileType = sourcecode.c.h; path = "MEClient+Requests.h"; sourceTree = "<group>"; };
		2ED164690F959F46009557F1 /* MEClient+Requests.m */ = {isa = PBXFileReference; fileEncoding = 4; lastKnownFileType = sourcecode.c.objc; path = "MEClient+Requests.m"; sourceTree = "<group>"; };
		2EE00DA20F970B1500135D42 /* MEMyMetooViewController.h */ = {isa = PBXFileReference; fileEncoding = 4; lastKnownFileType = sourcecode.c.h; path = MEMyMetooViewController.h; sourceTree = "<group>"; };
		2EE00DA30F970B1500135D42 /* MEMyMetooViewController.m */ = {isa = PBXFileReference; fileEncoding = 4; lastKnownFileType = sourcecode.c.objc; path = MEMyMetooViewController.m; sourceTree = "<group>"; };
		2EE00DA50F970B4700135D42 /* MyMetooViewController.xib */ = {isa = PBXFileReference; lastKnownFileType = file.xib; path = MyMetooViewController.xib; sourceTree = "<group>"; };
		2EE00DE80F970ECF00135D42 /* MEFriendsViewController.h */ = {isa = PBXFileReference; fileEncoding = 4; lastKnownFileType = sourcecode.c.h; path = MEFriendsViewController.h; sourceTree = "<group>"; };
		2EE00DE90F970ECF00135D42 /* MEFriendsViewController.m */ = {isa = PBXFileReference; fileEncoding = 4; lastKnownFileType = sourcecode.c.objc; path = MEFriendsViewController.m; sourceTree = "<group>"; };
		2EE00DEB0F970EE600135D42 /* FriendsViewController.xib */ = {isa = PBXFileReference; lastKnownFileType = file.xib; path = FriendsViewController.xib; sourceTree = "<group>"; };
		2EE00DFC0F9710CF00135D42 /* METagsViewController.h */ = {isa = PBXFileReference; fileEncoding = 4; lastKnownFileType = sourcecode.c.h; path = METagsViewController.h; sourceTree = "<group>"; };
		2EE00DFD0F9710CF00135D42 /* METagsViewController.m */ = {isa = PBXFileReference; fileEncoding = 4; lastKnownFileType = sourcecode.c.objc; path = METagsViewController.m; sourceTree = "<group>"; };
		2EE00DFF0F97134A00135D42 /* TagsViewController.xib */ = {isa = PBXFileReference; lastKnownFileType = file.xib; path = TagsViewController.xib; sourceTree = "<group>"; };
		2EEDB9540F95AD6F00F52D66 /* NSMutableURLRequest+MEAdditions.h */ = {isa = PBXFileReference; fileEncoding = 4; lastKnownFileType = sourcecode.c.h; path = "NSMutableURLRequest+MEAdditions.h"; sourceTree = "<group>"; };
		2EEDB9550F95AD6F00F52D66 /* NSMutableURLRequest+MEAdditions.m */ = {isa = PBXFileReference; fileEncoding = 4; lastKnownFileType = sourcecode.c.objc; path = "NSMutableURLRequest+MEAdditions.m"; sourceTree = "<group>"; };
		32CA4F630368D1EE00C91783 /* yametoo_Prefix.pch */ = {isa = PBXFileReference; fileEncoding = 4; lastKnownFileType = sourcecode.c.h; path = yametoo_Prefix.pch; sourceTree = "<group>"; };
		8D1107310486CEB800E47090 /* Info.plist */ = {isa = PBXFileReference; fileEncoding = 4; lastKnownFileType = text.plist.xml; path = Info.plist; sourceTree = "<group>"; };
		CF5EE6B30F95DE8D004712FF /* NSNull+NilObject.m */ = {isa = PBXFileReference; fileEncoding = 4; lastKnownFileType = sourcecode.c.objc; path = "NSNull+NilObject.m"; sourceTree = "<group>"; };
		CF5EE75B0F97162F004712FF /* MESettingsViewController.h */ = {isa = PBXFileReference; fileEncoding = 4; lastKnownFileType = sourcecode.c.h; path = MESettingsViewController.h; sourceTree = "<group>"; };
		CF5EE75C0F97162F004712FF /* MESettingsViewController.m */ = {isa = PBXFileReference; fileEncoding = 4; lastKnownFileType = sourcecode.c.objc; path = MESettingsViewController.m; sourceTree = "<group>"; };
		CF5EE75F0F97164A004712FF /* MELoginViewController.h */ = {isa = PBXFileReference; fileEncoding = 4; lastKnownFileType = sourcecode.c.h; path = MELoginViewController.h; sourceTree = "<group>"; };
		CF5EE7600F97164A004712FF /* MELoginViewController.m */ = {isa = PBXFileReference; fileEncoding = 4; lastKnownFileType = sourcecode.c.objc; path = MELoginViewController.m; sourceTree = "<group>"; };
		CF90459C0F959EE4001AE52C /* JSON.h */ = {isa = PBXFileReference; fileEncoding = 4; lastKnownFileType = sourcecode.c.h; path = JSON.h; sourceTree = "<group>"; };
		CF90459D0F959EE4001AE52C /* NSObject+SBJSON.h */ = {isa = PBXFileReference; fileEncoding = 4; lastKnownFileType = sourcecode.c.h; path = "NSObject+SBJSON.h"; sourceTree = "<group>"; };
		CF90459E0F959EE4001AE52C /* NSObject+SBJSON.m */ = {isa = PBXFileReference; fileEncoding = 4; lastKnownFileType = sourcecode.c.objc; path = "NSObject+SBJSON.m"; sourceTree = "<group>"; };
		CF90459F0F959EE4001AE52C /* NSString+SBJSON.h */ = {isa = PBXFileReference; fileEncoding = 4; lastKnownFileType = sourcecode.c.h; path = "NSString+SBJSON.h"; sourceTree = "<group>"; };
		CF9045A00F959EE4001AE52C /* NSString+SBJSON.m */ = {isa = PBXFileReference; fileEncoding = 4; lastKnownFileType = sourcecode.c.objc; path = "NSString+SBJSON.m"; sourceTree = "<group>"; };
		CF9045A10F959EE4001AE52C /* SBJSON.h */ = {isa = PBXFileReference; fileEncoding = 4; lastKnownFileType = sourcecode.c.h; path = SBJSON.h; sourceTree = "<group>"; };
		CF9045A20F959EE4001AE52C /* SBJSON.m */ = {isa = PBXFileReference; fileEncoding = 4; lastKnownFileType = sourcecode.c.objc; path = SBJSON.m; sourceTree = "<group>"; };
		CF9045C70F95A85D001AE52C /* MEClientOperation.h */ = {isa = PBXFileReference; fileEncoding = 4; lastKnownFileType = sourcecode.c.h; path = MEClientOperation.h; sourceTree = "<group>"; };
		CF9045C80F95A85D001AE52C /* MEClientOperation.m */ = {isa = PBXFileReference; fileEncoding = 4; lastKnownFileType = sourcecode.c.objc; path = MEClientOperation.m; sourceTree = "<group>"; };
		CF9046410F95C4A4001AE52C /* NSURL+MEAdditions.h */ = {isa = PBXFileReference; fileEncoding = 4; lastKnownFileType = sourcecode.c.h; path = "NSURL+MEAdditions.h"; sourceTree = "<group>"; };
		CF9046420F95C4A4001AE52C /* NSURL+MEAdditions.m */ = {isa = PBXFileReference; fileEncoding = 4; lastKnownFileType = sourcecode.c.objc; path = "NSURL+MEAdditions.m"; sourceTree = "<group>"; };
/* End PBXFileReference section */

/* Begin PBXFrameworksBuildPhase section */
		1D60588F0D05DD3D006BFB54 /* Frameworks */ = {
			isa = PBXFrameworksBuildPhase;
			buildActionMask = 2147483647;
			files = (
				1D60589F0D05DD5A006BFB54 /* Foundation.framework in Frameworks */,
				1DF5F4E00D08C38300B7A737 /* UIKit.framework in Frameworks */,
				288765A50DF7441C002DB57D /* CoreGraphics.framework in Frameworks */,
			);
			runOnlyForDeploymentPostprocessing = 0;
		};
/* End PBXFrameworksBuildPhase section */

/* Begin PBXGroup section */
		080E96DDFE201D6D7F000001 /* Classes */ = {
			isa = PBXGroup;
			children = (
				CF5EE7630F97165F004712FF /* Agents */,
				CF5EE7620F97164F004712FF /* Controllers */,
				1D3623240D0F684500981E51 /* AppDelegate.h */,
				1D3623250D0F684500981E51 /* AppDelegate.m */,
			);
			path = Classes;
			sourceTree = "<group>";
		};
		19C28FACFE9D520D11CA2CBB /* Products */ = {
			isa = PBXGroup;
			children = (
				1D6058910D05DD3D006BFB54 /* yametoo.app */,
			);
			name = Products;
			sourceTree = "<group>";
		};
		29B97314FDCFA39411CA2CEA /* CustomTemplate */ = {
			isa = PBXGroup;
			children = (
				CF90458C0F959D29001AE52C /* External Sources */,
				2ED164410F959B05009557F1 /* Additions */,
				080E96DDFE201D6D7F000001 /* Classes */,
				29B97315FDCFA39411CA2CEA /* Other Sources */,
				29B97317FDCFA39411CA2CEA /* Resources */,
				29B97323FDCFA39411CA2CEA /* Frameworks */,
				19C28FACFE9D520D11CA2CBB /* Products */,
			);
			name = CustomTemplate;
			sourceTree = "<group>";
		};
		29B97315FDCFA39411CA2CEA /* Other Sources */ = {
			isa = PBXGroup;
			children = (
				32CA4F630368D1EE00C91783 /* yametoo_Prefix.pch */,
				29B97316FDCFA39411CA2CEA /* main.m */,
			);
			name = "Other Sources";
			sourceTree = "<group>";
		};
		29B97317FDCFA39411CA2CEA /* Resources */ = {
			isa = PBXGroup;
			children = (
				2E6D55800F95BADC00AA1DF6 /* Images */,
				28AD733E0D9D9553002E5188 /* MainWindow.xib */,
				2EE00DA50F970B4700135D42 /* MyMetooViewController.xib */,
				2EE00DEB0F970EE600135D42 /* FriendsViewController.xib */,
				2EE00DFF0F97134A00135D42 /* TagsViewController.xib */,
				2899E5210DE3E06400AC0155 /* PostViewController.xib */,
				8D1107310486CEB800E47090 /* Info.plist */,
			);
			name = Resources;
			sourceTree = "<group>";
		};
		29B97323FDCFA39411CA2CEA /* Frameworks */ = {
			isa = PBXGroup;
			children = (
				1DF5F4DF0D08C38300B7A737 /* UIKit.framework */,
				1D30AB110D05D00D00671497 /* Foundation.framework */,
				288765A40DF7441C002DB57D /* CoreGraphics.framework */,
			);
			name = Frameworks;
			sourceTree = "<group>";
		};
		2E2EB04C0F96E9A9005C54E5 /* EXIF */ = {
			isa = PBXGroup;
			children = (
				2E2EB11E0F96F35F005C54E5 /* EXF.h */,
				2E2EB11F0F96F35F005C54E5 /* EXFConstants.h */,
				2E2EB1200F96F35F005C54E5 /* EXFGPS.h */,
				2E2EB1210F96F35F005C54E5 /* EXFGPS.m */,
				2E2EB1220F96F35F005C54E5 /* EXFHandlers.h */,
				2E2EB1230F96F35F005C54E5 /* EXFHandlers.m */,
				2E2EB1240F96F35F005C54E5 /* EXFJFIF.h */,
				2E2EB1250F96F35F005C54E5 /* EXFJFIF.m */,
				2E2EB1260F96F35F005C54E5 /* EXFJpeg.h */,
				2E2EB1270F96F35F005C54E5 /* EXFJpeg.m */,
				2E2EB1280F96F35F005C54E5 /* EXFLogging.h */,
				2E2EB1290F96F35F005C54E5 /* EXFMetaData.h */,
				2E2EB12A0F96F35F005C54E5 /* EXFMetaData.m */,
				2E2EB12B0F96F35F005C54E5 /* EXFMutableMetaData.h */,
				2E2EB12C0F96F35F005C54E5 /* EXFTagDefinitionHolder.h */,
				2E2EB12D0F96F35F005C54E5 /* EXFTagDefinitionHolder.m */,
				2E2EB12E0F96F35F005C54E5 /* EXFUtils.h */,
				2E2EB12F0F96F35F005C54E5 /* EXFUtils.m */,
			);
			path = EXIF;
			sourceTree = "<group>";
		};
		2E6D55800F95BADC00AA1DF6 /* Images */ = {
			isa = PBXGroup;
			children = (
				2E6D55810F95BAF400AA1DF6 /* yametoo_icon.png */,
			);
			name = Images;
			sourceTree = "<group>";
		};
		2E6D55D30F95C77000AA1DF6 /* PostViewController */ = {
			isa = PBXGroup;
			children = (
				28D7ACF60DDB3853001CB0EB /* MEPostViewController.h */,
				28D7ACF70DDB3853001CB0EB /* MEPostViewController.m */,
			);
			name = PostViewController;
			sourceTree = "<group>";
		};
		2E6D55D40F95C77C00AA1DF6 /* SettingsViewController */ = {
			isa = PBXGroup;
			children = (
				CF5EE75B0F97162F004712FF /* MESettingsViewController.h */,
				CF5EE75C0F97162F004712FF /* MESettingsViewController.m */,
			);
			name = SettingsViewController;
			sourceTree = "<group>";
		};
		2ED164410F959B05009557F1 /* Additions */ = {
			isa = PBXGroup;
			children = (
				CF5EE6B30F95DE8D004712FF /* NSNull+NilObject.m */,
				2ED164420F959B2A009557F1 /* NSString+MEAdditions.h */,
				2ED164430F959B2A009557F1 /* NSString+MEAdditions.m */,
				CF9046410F95C4A4001AE52C /* NSURL+MEAdditions.h */,
				CF9046420F95C4A4001AE52C /* NSURL+MEAdditions.m */,
				2EEDB9540F95AD6F00F52D66 /* NSMutableURLRequest+MEAdditions.h */,
				2EEDB9550F95AD6F00F52D66 /* NSMutableURLRequest+MEAdditions.m */,
			);
			path = Additions;
			sourceTree = "<group>";
		};
		2EE00DA10F970AEE00135D42 /* MymetooViewController */ = {
			isa = PBXGroup;
			children = (
				2EE00DA20F970B1500135D42 /* MEMyMetooViewController.h */,
				2EE00DA30F970B1500135D42 /* MEMyMetooViewController.m */,
			);
			name = MymetooViewController;
			sourceTree = "<group>";
		};
		2EE00DB60F970D1000135D42 /* FriendsViewController */ = {
			isa = PBXGroup;
			children = (
				2EE00DE80F970ECF00135D42 /* MEFriendsViewController.h */,
				2EE00DE90F970ECF00135D42 /* MEFriendsViewController.m */,
			);
			name = FriendsViewController;
			sourceTree = "<group>";
		};
		2EE00DFB0F9710A900135D42 /* TagViewController */ = {
			isa = PBXGroup;
			children = (
				2EE00DFC0F9710CF00135D42 /* METagsViewController.h */,
				2EE00DFD0F9710CF00135D42 /* METagsViewController.m */,
			);
			name = TagViewController;
			sourceTree = "<group>";
		};
		CF5EE75E0F971639004712FF /* LoginViewController */ = {
			isa = PBXGroup;
			children = (
				CF5EE75F0F97164A004712FF /* MELoginViewController.h */,
				CF5EE7600F97164A004712FF /* MELoginViewController.m */,
			);
			name = LoginViewController;
			sourceTree = "<group>";
		};
		CF5EE7620F97164F004712FF /* Controllers */ = {
			isa = PBXGroup;
			children = (
				2EE00DA10F970AEE00135D42 /* MymetooViewController */,
				2EE00DB60F970D1000135D42 /* FriendsViewController */,
				2EE00DFB0F9710A900135D42 /* TagViewController */,
				2E6D55D30F95C77000AA1DF6 /* PostViewController */,
				2E6D55D40F95C77C00AA1DF6 /* SettingsViewController */,
				CF5EE75E0F971639004712FF /* LoginViewController */,
			);
			name = Controllers;
			sourceTree = "<group>";
		};
		CF5EE7630F97165F004712FF /* Agents */ = {
			isa = PBXGroup;
			children = (
				CF5EE7640F971665004712FF /* Client */,
			);
			name = Agents;
			sourceTree = "<group>";
		};
		CF5EE7640F971665004712FF /* Client */ = {
			isa = PBXGroup;
			children = (
				2ED163E40F9589D3009557F1 /* MEClient.h */,
				2ED163E50F9589D3009557F1 /* MEClient.m */,
				2ED164680F959F46009557F1 /* MEClient+Requests.h */,
				2ED164690F959F46009557F1 /* MEClient+Requests.m */,
				CF9045C70F95A85D001AE52C /* MEClientOperation.h */,
				CF9045C80F95A85D001AE52C /* MEClientOperation.m */,
			);
			name = Client;
			sourceTree = "<group>";
		};
		CF90458C0F959D29001AE52C /* External Sources */ = {
			isa = PBXGroup;
			children = (
				2E2EB04C0F96E9A9005C54E5 /* EXIF */,
				CF90458D0F959D34001AE52C /* JSON-2.1.1 */,
			);
			name = "External Sources";
			path = ExternalSources;
			sourceTree = "<group>";
		};
		CF90458D0F959D34001AE52C /* JSON-2.1.1 */ = {
			isa = PBXGroup;
			children = (
				CF90459C0F959EE4001AE52C /* JSON.h */,
				CF90459D0F959EE4001AE52C /* NSObject+SBJSON.h */,
				CF90459E0F959EE4001AE52C /* NSObject+SBJSON.m */,
				CF90459F0F959EE4001AE52C /* NSString+SBJSON.h */,
				CF9045A00F959EE4001AE52C /* NSString+SBJSON.m */,
				CF9045A10F959EE4001AE52C /* SBJSON.h */,
				CF9045A20F959EE4001AE52C /* SBJSON.m */,
			);
			name = "JSON-2.1.1";
			path = JSON;
			sourceTree = "<group>";
		};
/* End PBXGroup section */

/* Begin PBXNativeTarget section */
		1D6058900D05DD3D006BFB54 /* yametoo */ = {
			isa = PBXNativeTarget;
			buildConfigurationList = 1D6058960D05DD3E006BFB54 /* Build configuration list for PBXNativeTarget "yametoo" */;
			buildPhases = (
				1D60588D0D05DD3D006BFB54 /* Resources */,
				1D60588E0D05DD3D006BFB54 /* Sources */,
				1D60588F0D05DD3D006BFB54 /* Frameworks */,
			);
			buildRules = (
			);
			dependencies = (
			);
			name = yametoo;
			productName = yametoo;
			productReference = 1D6058910D05DD3D006BFB54 /* yametoo.app */;
			productType = "com.apple.product-type.application";
		};
/* End PBXNativeTarget section */

/* Begin PBXProject section */
		29B97313FDCFA39411CA2CEA /* Project object */ = {
			isa = PBXProject;
			buildConfigurationList = C01FCF4E08A954540054247B /* Build configuration list for PBXProject "yametoo" */;
			compatibilityVersion = "Xcode 3.1";
			hasScannedForEncodings = 1;
			mainGroup = 29B97314FDCFA39411CA2CEA /* CustomTemplate */;
			projectDirPath = "";
			projectRoot = "";
			targets = (
				1D6058900D05DD3D006BFB54 /* yametoo */,
			);
		};
/* End PBXProject section */

/* Begin PBXResourcesBuildPhase section */
		1D60588D0D05DD3D006BFB54 /* Resources */ = {
			isa = PBXResourcesBuildPhase;
			buildActionMask = 2147483647;
			files = (
				28AD733F0D9D9553002E5188 /* MainWindow.xib in Resources */,
				2899E5220DE3E06400AC0155 /* PostViewController.xib in Resources */,
				2E6D55820F95BAF400AA1DF6 /* yametoo_icon.png in Resources */,
				2EE00DA60F970B4700135D42 /* MyMetooViewController.xib in Resources */,
				2EE00DEC0F970EE600135D42 /* FriendsViewController.xib in Resources */,
				2EE00E000F97134A00135D42 /* TagsViewController.xib in Resources */,
			);
			runOnlyForDeploymentPostprocessing = 0;
		};
/* End PBXResourcesBuildPhase section */

/* Begin PBXSourcesBuildPhase section */
		1D60588E0D05DD3D006BFB54 /* Sources */ = {
			isa = PBXSourcesBuildPhase;
			buildActionMask = 2147483647;
			files = (
				1D60589B0D05DD56006BFB54 /* main.m in Sources */,
				1D3623260D0F684500981E51 /* AppDelegate.m in Sources */,
				28D7ACF80DDB3853001CB0EB /* MEPostViewController.m in Sources */,
				2ED163E60F9589D3009557F1 /* MEClient.m in Sources */,
				2ED164440F959B2A009557F1 /* NSString+MEAdditions.m in Sources */,
				2ED1646A0F959F46009557F1 /* MEClient+Requests.m in Sources */,
				CF9045A30F959EE4001AE52C /* NSObject+SBJSON.m in Sources */,
				CF9045A40F959EE4001AE52C /* NSString+SBJSON.m in Sources */,
				CF9045A50F959EE4001AE52C /* SBJSON.m in Sources */,
				CF9045C90F95A85D001AE52C /* MEClientOperation.m in Sources */,
				2EEDB9560F95AD6F00F52D66 /* NSMutableURLRequest+MEAdditions.m in Sources */,
				CF9046430F95C4A4001AE52C /* NSURL+MEAdditions.m in Sources */,
				CF5EE6B40F95DE8D004712FF /* NSNull+NilObject.m in Sources */,
				2E2EB1300F96F35F005C54E5 /* EXFGPS.m in Sources */,
				2E2EB1310F96F35F005C54E5 /* EXFHandlers.m in Sources */,
				2E2EB1320F96F35F005C54E5 /* EXFJFIF.m in Sources */,
				2E2EB1330F96F35F005C54E5 /* EXFJpeg.m in Sources */,
				2E2EB1340F96F35F005C54E5 /* EXFMetaData.m in Sources */,
				2E2EB1350F96F35F005C54E5 /* EXFTagDefinitionHolder.m in Sources */,
				2E2EB1360F96F35F005C54E5 /* EXFUtils.m in Sources */,
				2EE00DA40F970B1500135D42 /* MEMyMetooViewController.m in Sources */,
				2EE00DEA0F970ECF00135D42 /* MEFriendsViewController.m in Sources */,
				2EE00DFE0F9710CF00135D42 /* METagsViewController.m in Sources */,
				CF5EE75D0F97162F004712FF /* MESettingsViewController.m in Sources */,
				CF5EE7610F97164A004712FF /* MELoginViewController.m in Sources */,
			);
			runOnlyForDeploymentPostprocessing = 0;
		};
/* End PBXSourcesBuildPhase section */

/* Begin XCBuildConfiguration section */
		1D6058940D05DD3E006BFB54 /* Debug */ = {
			isa = XCBuildConfiguration;
			buildSettings = {
				ALWAYS_SEARCH_USER_PATHS = NO;
				COPY_PHASE_STRIP = NO;
				GCC_DYNAMIC_NO_PIC = NO;
				GCC_OPTIMIZATION_LEVEL = 0;
				GCC_PRECOMPILE_PREFIX_HEADER = YES;
				GCC_PREFIX_HEADER = yametoo_Prefix.pch;
				INFOPLIST_FILE = Info.plist;
				PRODUCT_NAME = yametoo;
			};
			name = Debug;
		};
		1D6058950D05DD3E006BFB54 /* Release */ = {
			isa = XCBuildConfiguration;
			buildSettings = {
				ALWAYS_SEARCH_USER_PATHS = NO;
				COPY_PHASE_STRIP = YES;
				GCC_PRECOMPILE_PREFIX_HEADER = YES;
				GCC_PREFIX_HEADER = yametoo_Prefix.pch;
				INFOPLIST_FILE = Info.plist;
				PRODUCT_NAME = yametoo;
			};
			name = Release;
		};
		C01FCF4F08A954540054247B /* Debug */ = {
			isa = XCBuildConfiguration;
			buildSettings = {
				ARCHS = "$(ARCHS_STANDARD_32_BIT)";
				"CODE_SIGN_IDENTITY[sdk=iphoneos*]" = "iPhone Developer: Chang-Gi Kim";
				GCC_C_LANGUAGE_STANDARD = c99;
				GCC_WARN_ABOUT_RETURN_TYPE = YES;
				GCC_WARN_UNUSED_VARIABLE = YES;
				HEADER_SEARCH_PATHS = "$(SRCROOT)/ExternalSources";
				ONLY_ACTIVE_ARCH = YES;
				PREBINDING = NO;
				"PROVISIONING_PROFILE[sdk=iphoneos*]" = "5BBDC45B-F75A-449D-8F9B-61A7014060F7";
				SDKROOT = iphoneos2.2;
			};
			name = Debug;
		};
		C01FCF5008A954540054247B /* Release */ = {
			isa = XCBuildConfiguration;
			buildSettings = {
				ARCHS = "$(ARCHS_STANDARD_32_BIT)";
				"CODE_SIGN_IDENTITY[sdk=iphoneos*]" = "iPhone Developer: Chang-Gi Kim";
				GCC_C_LANGUAGE_STANDARD = c99;
				GCC_WARN_ABOUT_RETURN_TYPE = YES;
				GCC_WARN_UNUSED_VARIABLE = YES;
				PREBINDING = NO;
				"PROVISIONING_PROFILE[sdk=iphoneos*]" = "5BBDC45B-F75A-449D-8F9B-61A7014060F7";
				SDKROOT = iphoneos2.2;
			};
			name = Release;
		};
/* End XCBuildConfiguration section */

/* Begin XCConfigurationList section */
		1D6058960D05DD3E006BFB54 /* Build configuration list for PBXNativeTarget "yametoo" */ = {
			isa = XCConfigurationList;
			buildConfigurations = (
				1D6058940D05DD3E006BFB54 /* Debug */,
				1D6058950D05DD3E006BFB54 /* Release */,
			);
			defaultConfigurationIsVisible = 0;
			defaultConfigurationName = Release;
		};
		C01FCF4E08A954540054247B /* Build configuration list for PBXProject "yametoo" */ = {
			isa = XCConfigurationList;
			buildConfigurations = (
				C01FCF4F08A954540054247B /* Debug */,
				C01FCF5008A954540054247B /* Release */,
			);
			defaultConfigurationIsVisible = 0;
			defaultConfigurationName = Release;
		};
/* End XCConfigurationList section */
	};
	rootObject = 29B97313FDCFA39411CA2CEA /* Project object */;
}
